
Microsoft Visual Studio Solution File, Format Version 12.00
# Visual Studio Version 17
VisualStudioVersion = 17.1.32421.90
MinimumVisualStudioVersion = 10.0.40219.1
Project("{2150E333-8FDC-42A3-9474-1A3956D46DE8}") = "ServiceBUS", "ServiceBUS", "{20F7C88E-F539-495F-882B-8123566A0ED7}"
EndProject
Project("{9A19103F-16F7-4668-BE54-9A1E7A4F7556}") = "SBSender", "SBSender\SBSender.csproj", "{F657C84A-A795-4872-A92E-A96FFCB749A6}"
EndProject
Project("{9A19103F-16F7-4668-BE54-9A1E7A4F7556}") = "SBReceiver", "SBReceiver\SBReceiver.csproj", "{0A02ABB6-1673-4C6B-A86D-8516D2462231}"
EndProject
Project("{9A19103F-16F7-4668-BE54-9A1E7A4F7556}") = "SBTopicReceiver", "SBTopicReceiver\SBTopicReceiver.csproj", "{8590ECA1-30FF-447A-AF34-1B2302FF3F5F}"
EndProject
Project("{9A19103F-16F7-4668-BE54-9A1E7A4F7556}") = "SBTopicSender", "SBTopicSender\SBTopicSender.csproj", "{5A8D8D67-5EB6-45C4-8C03-DA72E57BA848}"
EndProject
Project("{9A19103F-16F7-4668-BE54-9A1E7A4F7556}") = "AdapterPattern", "AdapterPattern\AdapterPattern.csproj", "{CDF06BF5-A899-4236-AD33-90B649C81B17}"
EndProject
Project("{2150E333-8FDC-42A3-9474-1A3956D46DE8}") = "Patterns", "Patterns", "{16AFE9CA-A56A-47AA-8792-2A812BD37114}"
EndProject
Project("{9A19103F-16F7-4668-BE54-9A1E7A4F7556}") = "ObserverPattern", "ObserverPattern\ObserverPattern.csproj", "{357FB690-395B-4FA1-B487-3D1EBCF657E5}"
EndProject
Project("{9A19103F-16F7-4668-BE54-9A1E7A4F7556}") = "DecoratorPattern", "DecoratorPattern\DecoratorPattern.csproj", "{938BF7E9-D12F-4C8D-B322-BDD12149D174}"
EndProject
Project("{9A19103F-16F7-4668-BE54-9A1E7A4F7556}") = "IteratorPattern", "IteratorPattern\IteratorPattern.csproj", "{873535FA-83B6-4C44-9E65-318063E0350A}"
EndProject
Project("{9A19103F-16F7-4668-BE54-9A1E7A4F7556}") = "FactoryPattern", "FactoryPattern\FactoryPattern.csproj", "{7B8ADA2E-1D36-4707-AD99-4003E955D1BB}"
EndProject
Project("{9A19103F-16F7-4668-BE54-9A1E7A4F7556}") = "BuilderPattern", "BuilderPattern\BuilderPattern.csproj", "{FFBC0E5C-72AE-4156-8659-12FBE91A9A3E}"
EndProject
Project("{2150E333-8FDC-42A3-9474-1A3956D46DE8}") = "CreationalPatterns", "CreationalPatterns", "{5291AA1F-469A-4DCD-BA8E-D4730598F785}"
EndProject
Project("{2150E333-8FDC-42A3-9474-1A3956D46DE8}") = "StructuralPatterns", "StructuralPatterns", "{2E680801-65AF-4949-A730-8A446119D220}"
EndProject
Project("{2150E333-8FDC-42A3-9474-1A3956D46DE8}") = "Behavioral Patterns", "Behavioral Patterns", "{8070A134-3FD4-4D13-AAA8-A9A33AA0BFA0}"
EndProject
Project("{2150E333-8FDC-42A3-9474-1A3956D46DE8}") = "Solution Items", "Solution Items", "{B89B232A-E1F5-4880-9A1E-F27D9ED1E888}"
	ProjectSection(SolutionItems) = preProject
		README.md = README.md
	EndProjectSection
EndProject
Project("{9A19103F-16F7-4668-BE54-9A1E7A4F7556}") = "StrategyPattern", "StrategyPattern\StrategyPattern.csproj", "{DC44CD4E-8080-4168-AF0F-19AF62C62EEA}"
EndProject
Global
	GlobalSection(SolutionConfigurationPlatforms) = preSolution
		Debug|Any CPU = Debug|Any CPU
		Release|Any CPU = Release|Any CPU
	EndGlobalSection
	GlobalSection(ProjectConfigurationPlatforms) = postSolution
		{F657C84A-A795-4872-A92E-A96FFCB749A6}.Debug|Any CPU.ActiveCfg = Debug|Any CPU
		{F657C84A-A795-4872-A92E-A96FFCB749A6}.Debug|Any CPU.Build.0 = Debug|Any CPU
		{F657C84A-A795-4872-A92E-A96FFCB749A6}.Release|Any CPU.ActiveCfg = Release|Any CPU
		{F657C84A-A795-4872-A92E-A96FFCB749A6}.Release|Any CPU.Build.0 = Release|Any CPU
		{0A02ABB6-1673-4C6B-A86D-8516D2462231}.Debug|Any CPU.ActiveCfg = Debug|Any CPU
		{0A02ABB6-1673-4C6B-A86D-8516D2462231}.Debug|Any CPU.Build.0 = Debug|Any CPU
		{0A02ABB6-1673-4C6B-A86D-8516D2462231}.Release|Any CPU.ActiveCfg = Release|Any CPU
		{0A02ABB6-1673-4C6B-A86D-8516D2462231}.Release|Any CPU.Build.0 = Release|Any CPU
		{8590ECA1-30FF-447A-AF34-1B2302FF3F5F}.Debug|Any CPU.ActiveCfg = Debug|Any CPU
		{8590ECA1-30FF-447A-AF34-1B2302FF3F5F}.Debug|Any CPU.Build.0 = Debug|Any CPU
		{8590ECA1-30FF-447A-AF34-1B2302FF3F5F}.Release|Any CPU.ActiveCfg = Release|Any CPU
		{8590ECA1-30FF-447A-AF34-1B2302FF3F5F}.Release|Any CPU.Build.0 = Release|Any CPU
		{5A8D8D67-5EB6-45C4-8C03-DA72E57BA848}.Debug|Any CPU.ActiveCfg = Debug|Any CPU
		{5A8D8D67-5EB6-45C4-8C03-DA72E57BA848}.Debug|Any CPU.Build.0 = Debug|Any CPU
		{5A8D8D67-5EB6-45C4-8C03-DA72E57BA848}.Release|Any CPU.ActiveCfg = Release|Any CPU
		{5A8D8D67-5EB6-45C4-8C03-DA72E57BA848}.Release|Any CPU.Build.0 = Release|Any CPU
		{CDF06BF5-A899-4236-AD33-90B649C81B17}.Debug|Any CPU.ActiveCfg = Debug|Any CPU
		{CDF06BF5-A899-4236-AD33-90B649C81B17}.Debug|Any CPU.Build.0 = Debug|Any CPU
		{CDF06BF5-A899-4236-AD33-90B649C81B17}.Release|Any CPU.ActiveCfg = Release|Any CPU
		{CDF06BF5-A899-4236-AD33-90B649C81B17}.Release|Any CPU.Build.0 = Release|Any CPU
		{357FB690-395B-4FA1-B487-3D1EBCF657E5}.Debug|Any CPU.ActiveCfg = Debug|Any CPU
		{357FB690-395B-4FA1-B487-3D1EBCF657E5}.Debug|Any CPU.Build.0 = Debug|Any CPU
		{357FB690-395B-4FA1-B487-3D1EBCF657E5}.Release|Any CPU.ActiveCfg = Release|Any CPU
		{357FB690-395B-4FA1-B487-3D1EBCF657E5}.Release|Any CPU.Build.0 = Release|Any CPU
		{938BF7E9-D12F-4C8D-B322-BDD12149D174}.Debug|Any CPU.ActiveCfg = Debug|Any CPU
		{938BF7E9-D12F-4C8D-B322-BDD12149D174}.Debug|Any CPU.Build.0 = Debug|Any CPU
		{938BF7E9-D12F-4C8D-B322-BDD12149D174}.Release|Any CPU.ActiveCfg = Release|Any CPU
		{938BF7E9-D12F-4C8D-B322-BDD12149D174}.Release|Any CPU.Build.0 = Release|Any CPU
		{873535FA-83B6-4C44-9E65-318063E0350A}.Debug|Any CPU.ActiveCfg = Debug|Any CPU
		{873535FA-83B6-4C44-9E65-318063E0350A}.Debug|Any CPU.Build.0 = Debug|Any CPU
		{873535FA-83B6-4C44-9E65-318063E0350A}.Release|Any CPU.ActiveCfg = Release|Any CPU
		{873535FA-83B6-4C44-9E65-318063E0350A}.Release|Any CPU.Build.0 = Release|Any CPU
		{7B8ADA2E-1D36-4707-AD99-4003E955D1BB}.Debug|Any CPU.ActiveCfg = Debug|Any CPU
		{7B8ADA2E-1D36-4707-AD99-4003E955D1BB}.Debug|Any CPU.Build.0 = Debug|Any CPU
		{7B8ADA2E-1D36-4707-AD99-4003E955D1BB}.Release|Any CPU.ActiveCfg = Release|Any CPU
		{7B8ADA2E-1D36-4707-AD99-4003E955D1BB}.Release|Any CPU.Build.0 = Release|Any CPU
		{FFBC0E5C-72AE-4156-8659-12FBE91A9A3E}.Debug|Any CPU.ActiveCfg = Debug|Any CPU
		{FFBC0E5C-72AE-4156-8659-12FBE91A9A3E}.Debug|Any CPU.Build.0 = Debug|Any CPU
		{FFBC0E5C-72AE-4156-8659-12FBE91A9A3E}.Release|Any CPU.ActiveCfg = Release|Any CPU
		{FFBC0E5C-72AE-4156-8659-12FBE91A9A3E}.Release|Any CPU.Build.0 = Release|Any CPU
		{DC44CD4E-8080-4168-AF0F-19AF62C62EEA}.Debug|Any CPU.ActiveCfg = Debug|Any CPU
		{DC44CD4E-8080-4168-AF0F-19AF62C62EEA}.Debug|Any CPU.Build.0 = Debug|Any CPU
		{DC44CD4E-8080-4168-AF0F-19AF62C62EEA}.Release|Any CPU.ActiveCfg = Release|Any CPU
		{DC44CD4E-8080-4168-AF0F-19AF62C62EEA}.Release|Any CPU.Build.0 = Release|Any CPU
	EndGlobalSection
	GlobalSection(SolutionProperties) = preSolution
		HideSolutionNode = FALSE
	EndGlobalSection
	GlobalSection(NestedProjects) = preSolution
		{F657C84A-A795-4872-A92E-A96FFCB749A6} = {20F7C88E-F539-495F-882B-8123566A0ED7}
		{0A02ABB6-1673-4C6B-A86D-8516D2462231} = {20F7C88E-F539-495F-882B-8123566A0ED7}
		{8590ECA1-30FF-447A-AF34-1B2302FF3F5F} = {20F7C88E-F539-495F-882B-8123566A0ED7}
		{5A8D8D67-5EB6-45C4-8C03-DA72E57BA848} = {20F7C88E-F539-495F-882B-8123566A0ED7}
		{CDF06BF5-A899-4236-AD33-90B649C81B17} = {2E680801-65AF-4949-A730-8A446119D220}
		{357FB690-395B-4FA1-B487-3D1EBCF657E5} = {8070A134-3FD4-4D13-AAA8-A9A33AA0BFA0}
		{938BF7E9-D12F-4C8D-B322-BDD12149D174} = {2E680801-65AF-4949-A730-8A446119D220}
		{873535FA-83B6-4C44-9E65-318063E0350A} = {8070A134-3FD4-4D13-AAA8-A9A33AA0BFA0}
		{7B8ADA2E-1D36-4707-AD99-4003E955D1BB} = {5291AA1F-469A-4DCD-BA8E-D4730598F785}
		{FFBC0E5C-72AE-4156-8659-12FBE91A9A3E} = {5291AA1F-469A-4DCD-BA8E-D4730598F785}
		{5291AA1F-469A-4DCD-BA8E-D4730598F785} = {16AFE9CA-A56A-47AA-8792-2A812BD37114}
		{2E680801-65AF-4949-A730-8A446119D220} = {16AFE9CA-A56A-47AA-8792-2A812BD37114}
		{8070A134-3FD4-4D13-AAA8-A9A33AA0BFA0} = {16AFE9CA-A56A-47AA-8792-2A812BD37114}
		{DC44CD4E-8080-4168-AF0F-19AF62C62EEA} = {8070A134-3FD4-4D13-AAA8-A9A33AA0BFA0}
	EndGlobalSection
	GlobalSection(ExtensibilityGlobals) = postSolution
		SolutionGuid = {DC30E679-22D9-48BD-8E66-668D15F455FC}
	EndGlobalSection
EndGlobal
